
Microsoft Visual Studio Solution File, Format Version 12.00
# Visual Studio Version 17
VisualStudioVersion = 17.14.37614.0 d17.14
MinimumVisualStudioVersion = 10.0.40219.1
Project("{FAE04EC0-301F-11D3-BF4B-00C04F79EFBC}") = "SelekcijaKandidataWebAPI", "SelekcijaKandidataWebAPI.csproj", "{5457F491-CF08-A365-931B-43289725099F}"
EndProject
Global
	GlobalSection(SolutionConfigurationPlatforms) = preSolution
		Debug|Any CPU = Debug|Any CPU
		Release|Any CPU = Release|Any CPU
	EndGlobalSection
	GlobalSection(ProjectConfigurationPlatforms) = postSolution
		{5457F491-CF08-A365-931B-43289725099F}.Debug|Any CPU.ActiveCfg = Debug|Any CPU
		{5457F491-CF08-A365-931B-43289725099F}.Debug|Any CPU.Build.0 = Debug|Any CPU
		{5457F491-CF08-A365-931B-43289725099F}.Release|Any CPU.ActiveCfg = Release|Any CPU
		{5457F491-CF08-A365-931B-43289725099F}.Release|Any CPU.Build.0 = Release|Any CPU
	EndGlobalSection
	GlobalSection(SolutionProperties) = preSolution
		HideSolutionNode = FALSE
	EndGlobalSection
	GlobalSection(ExtensibilityGlobals) = postSolution
		SolutionGuid = {FE7A5D57-FE42-433D-864C-BD8673E81705}
	EndGlobalSection
EndGlobal
